# This file was autogenerated by Stack.
# You should not edit this file by hand.
# For more information, please see the documentation at:
#   https://docs.haskellstack.org/en/stable/lock_files

packages:
- completed:
    hackage: fused-effects-1.1.1.2@sha256:357994ca02d1914249c3874763556786491b0249d7a3a96bbc7b446a6bb3136c,5002
    pantry-tree:
      sha256: 8b8296cd0ca5d5f7a2679084d9a26c31edd91cb577f5a017b5a2ceb267b1a987
      size: 6345
  original:
    hackage: fused-effects-1.1.1.2@sha256:357994ca02d1914249c3874763556786491b0249d7a3a96bbc7b446a6bb3136c,5002
- completed:
    hackage: physics-0.1.2.1@sha256:5555fb0a679d00964f1fbd8bf1a9b233c91b363b371f092077183fe51bcffba6,1467
    pantry-tree:
      sha256: 59ae6fc7490182bd63b7dd7b6f12c73f7b59fd32aa1b64e469baf9f6441b51cd
      size: 1089
  original:
    hackage: physics-0.1.2.1@sha256:5555fb0a679d00964f1fbd8bf1a9b233c91b363b371f092077183fe51bcffba6,1467
- completed:
    hackage: ieee-0.7@sha256:4f444419a7861f04fb64502d14688c80e8293a86a608f6d14c3010c9bd96b6d1,1327
    pantry-tree:
      sha256: eefc5e89d3e348ce5e2bb078096e8e9c6288037dcd21317e291c550ab98ee294
      size: 638
  original:
    hackage: ieee-0.7@sha256:4f444419a7861f04fb64502d14688c80e8293a86a608f6d14c3010c9bd96b6d1,1327
snapshots:
- completed:
    sha256: 87842ecbaa8ca9cee59a7e6be52369dbed82ed075cb4e0d152614a627e8fd488
    size: 586069
    url: https://raw.githubusercontent.com/commercialhaskell/stackage-snapshots/master/lts/18/14.yaml
  original: lts-18.14
