# This file was autogenerated by Stack.
# You should not edit this file by hand.
# For more information, please see the documentation at:
#   https://docs.haskellstack.org/en/stable/lock_files

packages:
- completed:
    hackage: extensible-0.8.2@sha256:a7b21b3fa1fb752f0d2c00aeff8568cf14e6423f8ba6b2eb0bbd34eafe4e029a,3097
    pantry-tree:
      size: 2041
      sha256: da80a9c932c9020aece77c53283d3da3d38e5fb7f327d0a25bfe12e817a238b1
  original:
    hackage: extensible-0.8.2@sha256:a7b21b3fa1fb752f0d2c00aeff8568cf14e6423f8ba6b2eb0bbd34eafe4e029a,3097
- completed:
    hackage: incremental-0.3.1@sha256:9c697bae4f7e5ceb144bde13e03ca2f36b4bc2d0c92bbc02e0a604231ee279c2,1153
    pantry-tree:
      size: 370
      sha256: fd5f40352dbf1602babd2c5db2a120c26e57bbd5ad30b19ce24d04189f6a18d1
  original:
    hackage: incremental-0.3.1@sha256:9c697bae4f7e5ceb144bde13e03ca2f36b4bc2d0c92bbc02e0a604231ee279c2,1153
- completed:
    hackage: membership-0.0.1@sha256:6c4d4ab6e3fb3253c6c670e8a63f74454dc91be50b9f292d0b1355792190aee5,999
    pantry-tree:
      size: 408
      sha256: b918a1a207108313b2bf453b0d9aa65122d9845c4b360c8ade46d3429ff1107a
  original:
    hackage: membership-0.0.1@sha256:6c4d4ab6e3fb3253c6c670e8a63f74454dc91be50b9f292d0b1355792190aee5,999
- completed:
    hackage: composite-base-0.7.5.0@sha256:3c754bca3a1a673e1f0ba9fa88850dd8c650b5a7140dc5afca09bb86e4843c17,2955
    pantry-tree:
      size: 604
      sha256: 504ed3870d3ee32a008f24ac6e1cc5686c201900008499c294fb1b7cdcef9648
  original:
    hackage: composite-base-0.7.5.0@sha256:3c754bca3a1a673e1f0ba9fa88850dd8c650b5a7140dc5afca09bb86e4843c17,2955
- completed:
    hackage: composite-dhall-0.0.6.0@sha256:7916466b6165de6532368d6bc302bd9d49e9285b08e61f0785382cc06c82b74a,2121
    pantry-tree:
      size: 739
      sha256: 7093ea51eef5239cc1e68f9a5bc4f4dbbc93b68c400ba1eca8ab1f9b0e2e2320
  original:
    hackage: composite-dhall-0.0.6.0@sha256:7916466b6165de6532368d6bc302bd9d49e9285b08e61f0785382cc06c82b74a,2121
snapshots:
- completed:
    size: 586069
    url: https://raw.githubusercontent.com/commercialhaskell/stackage-snapshots/master/lts/18/14.yaml
    sha256: 87842ecbaa8ca9cee59a7e6be52369dbed82ed075cb4e0d152614a627e8fd488
  original:
    url: https://raw.githubusercontent.com/commercialhaskell/stackage-snapshots/master/lts/18/14.yaml
