# This file was autogenerated by Stack.
# You should not edit this file by hand.
# For more information, please see the documentation at:
#   https://docs.haskellstack.org/en/stable/lock_files

packages:
- completed:
    name: liquid-fixpoint
    version: 0.8.10.7.1
    git: https://github.com/ucsd-progsys/liquid-fixpoint.git
    pantry-tree:
      size: 21444
      sha256: f677306dfbc6468b84be1531b6a72ca3759cc72c67c383de942a574f9dddf641
    commit: 87105cfad502922e9dd817e8dd4b0f0791588212
  original:
    git: https://github.com/ucsd-progsys/liquid-fixpoint.git
    commit: 87105cfad502922e9dd817e8dd4b0f0791588212
- completed:
    hackage: liquid-base-4.15.0.0@sha256:a28cc9217966f18ef02f9b7e7c060f7682187e2c37ca20ce80088cc28860eb35,9129
    pantry-tree:
      size: 14987
      sha256: 02b9ddefb47927f2cefdba09f1ac7164a5aafd7f31bfb4a577fca8905c012325
  original:
    hackage: liquid-base-4.15.0.0@sha256:a28cc9217966f18ef02f9b7e7c060f7682187e2c37ca20ce80088cc28860eb35,9129
- completed:
    name: liquidhaskell
    version: 0.8.10.2.1
    git: https://github.com/ucsd-progsys/liquidhaskell.git
    pantry-tree:
      size: 309439
      sha256: 4063e8c090dcd81525893b655bbbcd932903821e39ffa57171c24c1212a2cd74
    commit: 275e9146d686229fc70ee3a4ebab4705c9c3d8d9
  original:
    git: https://github.com/ucsd-progsys/liquidhaskell.git
    commit: 275e9146d686229fc70ee3a4ebab4705c9c3d8d9
- completed:
    hackage: liquid-ghc-prim-0.7.0@sha256:8d99d771235d388ed54393faa2712c880e60b659fa574877fc5f383d4d49f4ed,1763
    pantry-tree:
      size: 912
      sha256: 2e85095d397912b2d5b65054cd613e93dd7aa31ed4a4ff4fd265be207ece35e0
  original:
    hackage: liquid-ghc-prim-0.7.0@sha256:8d99d771235d388ed54393faa2712c880e60b659fa574877fc5f383d4d49f4ed,1763
- completed:
    hackage: rest-rewrite-0.1.1@sha256:7e180d3feb7185e41e3813e4d5a7aa8dfc1cfb479e754e22e706bcc99a26cf35,4793
    pantry-tree:
      size: 3353
      sha256: 136fea6611049098a74a0b13507dfa914b3eff5d4bca6ef0514b35bc478bdb15
  original:
    hackage: rest-rewrite-0.1.1@sha256:7e180d3feb7185e41e3813e4d5a7aa8dfc1cfb479e754e22e706bcc99a26cf35,4793
snapshots:
- completed:
    size: 586069
    url: https://raw.githubusercontent.com/commercialhaskell/stackage-snapshots/master/lts/18/14.yaml
    sha256: 87842ecbaa8ca9cee59a7e6be52369dbed82ed075cb4e0d152614a627e8fd488
  original:
    url: https://raw.githubusercontent.com/commercialhaskell/stackage-snapshots/master/lts/18/14.yaml
